Microsoft Visual Studio Solution File, Format Version 12.00
# Visual Studio Version 17
VisualStudioVersion = 17.0.31903.59
MinimumVisualStudioVersion = 10.0.40219.1
Project("{FAE04EC0-301F-11D3-BF4B-00C04F79EFBC}") = "HomeDashboard.Contracts", "src\HomeDashboard.Contracts\HomeDashboard.Contracts.csproj", "{0B889346-0F56-4671-8B9E-3017BA3D16A1}"
EndProject
Project("{FAE04EC0-301F-11D3-BF4B-00C04F79EFBC}") = "HomeDashboard.Api", "src\HomeDashboard.Api\HomeDashboard.Api.csproj", "{7D9D08E8-2682-49F6-B6B9-FB5D47B69732}"
EndProject
Project("{FAE04EC0-301F-11D3-BF4B-00C04F79EFBC}") = "HomeDashboard.Agent", "src\HomeDashboard.Agent\HomeDashboard.Agent.csproj", "{EB2D4E9F-3D34-4767-8635-5B6852D3E0B9}"
EndProject
Project("{FAE04EC0-301F-11D3-BF4B-00C04F79EFBC}") = "HomeDashboard.Api.Tests", "tests\HomeDashboard.Api.Tests\HomeDashboard.Api.Tests.csproj", "{C48DA9BC-3727-40CF-9C96-C9E9D3579969}"
EndProject
Project("{FAE04EC0-301F-11D3-BF4B-00C04F79EFBC}") = "HomeDashboard.Agent.Tests", "tests\HomeDashboard.Agent.Tests\HomeDashboard.Agent.Tests.csproj", "{7F4D5416-75B4-4DAD-8387-6A42018BD8B7}"
EndProject
Global
	GlobalSection(SolutionConfigurationPlatforms) = preSolution
		Debug|Any CPU = Debug|Any CPU
		Release|Any CPU = Release|Any CPU
	EndGlobalSection
	GlobalSection(ProjectConfigurationPlatforms) = postSolution
		{0B889346-0F56-4671-8B9E-3017BA3D16A1}.Debug|Any CPU.ActiveCfg = Debug|Any CPU
		{0B889346-0F56-4671-8B9E-3017BA3D16A1}.Debug|Any CPU.Build.0 = Debug|Any CPU
		{0B889346-0F56-4671-8B9E-3017BA3D16A1}.Release|Any CPU.ActiveCfg = Release|Any CPU
		{0B889346-0F56-4671-8B9E-3017BA3D16A1}.Release|Any CPU.Build.0 = Release|Any CPU
		{7D9D08E8-2682-49F6-B6B9-FB5D47B69732}.Debug|Any CPU.ActiveCfg = Debug|Any CPU
		{7D9D08E8-2682-49F6-B6B9-FB5D47B69732}.Debug|Any CPU.Build.0 = Debug|Any CPU
		{7D9D08E8-2682-49F6-B6B9-FB5D47B69732}.Release|Any CPU.ActiveCfg = Release|Any CPU
		{7D9D08E8-2682-49F6-B6B9-FB5D47B69732}.Release|Any CPU.Build.0 = Release|Any CPU
		{EB2D4E9F-3D34-4767-8635-5B6852D3E0B9}.Debug|Any CPU.ActiveCfg = Debug|Any CPU
		{EB2D4E9F-3D34-4767-8635-5B6852D3E0B9}.Debug|Any CPU.Build.0 = Debug|Any CPU
		{EB2D4E9F-3D34-4767-8635-5B6852D3E0B9}.Release|Any CPU.ActiveCfg = Release|Any CPU
		{EB2D4E9F-3D34-4767-8635-5B6852D3E0B9}.Release|Any CPU.Build.0 = Release|Any CPU
		{C48DA9BC-3727-40CF-9C96-C9E9D3579969}.Debug|Any CPU.ActiveCfg = Debug|Any CPU
		{C48DA9BC-3727-40CF-9C96-C9E9D3579969}.Debug|Any CPU.Build.0 = Debug|Any CPU
		{C48DA9BC-3727-40CF-9C96-C9E9D3579969}.Release|Any CPU.ActiveCfg = Release|Any CPU
		{C48DA9BC-3727-40CF-9C96-C9E9D3579969}.Release|Any CPU.Build.0 = Release|Any CPU
		{7F4D5416-75B4-4DAD-8387-6A42018BD8B7}.Debug|Any CPU.ActiveCfg = Debug|Any CPU
		{7F4D5416-75B4-4DAD-8387-6A42018BD8B7}.Debug|Any CPU.Build.0 = Debug|Any CPU
		{7F4D5416-75B4-4DAD-8387-6A42018BD8B7}.Release|Any CPU.ActiveCfg = Release|Any CPU
		{7F4D5416-75B4-4DAD-8387-6A42018BD8B7}.Release|Any CPU.Build.0 = Release|Any CPU
	EndGlobalSection
EndGlobal
